// !$*UTF8*$!
{
	archiveVersion = 1;
	classes = {
	};
	objectVersion = 55;
	objects = {

/* Begin PBXBuildFile section */
		123690152844EE92006F22EE /* InfoPlist.strings in Resources */ = {isa = PBXBuildFile; fileRef = 123690172844EE92006F22EE /* InfoPlist.strings */; };
		124BC6A8284333E100F75E1F /* TapTemperatureApp.swift in CopyFiles */ = {isa = PBXBuildFile; fileRef = 12E811BA283089D300B0A615 /* TapTemperatureApp.swift */; };
		124BC6A9284333E100F75E1F /* ContentView.swift in CopyFiles */ = {isa = PBXBuildFile; fileRef = 12E811BC283089D300B0A615 /* ContentView.swift */; };
		124BC6B128433C4F00F75E1F /* 🪧ValueLabel.swift in CopyFiles */ = {isa = PBXBuildFile; fileRef = 12ADECF7283F7C1500431224 /* 🪧ValueLabel.swift */; };
		124BC6B228433C4F00F75E1F /* 👆Keypad.swift in CopyFiles */ = {isa = PBXBuildFile; fileRef = 12ADECF9283F7CC700431224 /* 👆Keypad.swift */; };
		124BC6B328433C4F00F75E1F /* 🗯ResultView.swift in CopyFiles */ = {isa = PBXBuildFile; fileRef = 125A9BEC283B441D00C54634 /* 🗯ResultView.swift */; };
		124BC6BA28437B9000F75E1F /* Localizable.strings in Resources */ = {isa = PBXBuildFile; fileRef = 124BC6BC28437B9000F75E1F /* Localizable.strings */; };
		1256A326286AD550002AF08A /* StoreKit.framework in Frameworks */ = {isa = PBXBuildFile; fileRef = 1256A325286AD550002AF08A /* StoreKit.framework */; };
		1256A328286AD8FE002AF08A /* 💟OpenHealthAppButton.swift in Sources */ = {isa = PBXBuildFile; fileRef = 1256A327286AD8FE002AF08A /* 💟OpenHealthAppButton.swift */; };
		1256A32D286ADEF5002AF08A /* 💟OpenHealthAppButton.swift in CopyFiles */ = {isa = PBXBuildFile; fileRef = 1256A327286AD8FE002AF08A /* 💟OpenHealthAppButton.swift */; };
		1256A33C286B1547002AF08A /* 🛠Menu.swift in Sources */ = {isa = PBXBuildFile; fileRef = 1256A33B286B1547002AF08A /* 🛠Menu.swift */; };
		1256A33D286B16E1002AF08A /* 🛠Menu.swift in CopyFiles */ = {isa = PBXBuildFile; fileRef = 1256A33B286B1547002AF08A /* 🛠Menu.swift */; };
		125A9BED283B441D00C54634 /* 🗯ResultView.swift in Sources */ = {isa = PBXBuildFile; fileRef = 125A9BEC283B441D00C54634 /* 🗯ResultView.swift */; };
		1281D253283E1C4300D59319 /* 📱AppModel.swift in Sources */ = {isa = PBXBuildFile; fileRef = 1281D252283E1C4300D59319 /* 📱AppModel.swift */; };
		12ADECF8283F7C1500431224 /* 🪧ValueLabel.swift in Sources */ = {isa = PBXBuildFile; fileRef = 12ADECF7283F7C1500431224 /* 🪧ValueLabel.swift */; };
		12ADECFA283F7CC700431224 /* 👆Keypad.swift in Sources */ = {isa = PBXBuildFile; fileRef = 12ADECF9283F7CC700431224 /* 👆Keypad.swift */; };
		12E811BB283089D300B0A615 /* TapTemperatureApp.swift in Sources */ = {isa = PBXBuildFile; fileRef = 12E811BA283089D300B0A615 /* TapTemperatureApp.swift */; };
		12E811BD283089D300B0A615 /* ContentView.swift in Sources */ = {isa = PBXBuildFile; fileRef = 12E811BC283089D300B0A615 /* ContentView.swift */; };
		12E811BF283089D400B0A615 /* Assets.xcassets in Resources */ = {isa = PBXBuildFile; fileRef = 12E811BE283089D400B0A615 /* Assets.xcassets */; };
		12E811C2283089D400B0A615 /* Preview Assets.xcassets in Resources */ = {isa = PBXBuildFile; fileRef = 12E811C1283089D400B0A615 /* Preview Assets.xcassets */; };
		12E811CB28308A2100B0A615 /* HealthKit.framework in Frameworks */ = {isa = PBXBuildFile; fileRef = 12E811CA28308A2100B0A615 /* HealthKit.framework */; };
		F519CB4929AA43DF00ACD6B6 /* ⌚️SyncOptions.swift in Sources */ = {isa = PBXBuildFile; fileRef = F519CB4829AA43DF00ACD6B6 /* ⌚️SyncOptions.swift */; };
		F519CB4A29AA44BD00ACD6B6 /* ⌚️SyncOptions.swift in CopyFiles */ = {isa = PBXBuildFile; fileRef = F519CB4829AA43DF00ACD6B6 /* ⌚️SyncOptions.swift */; };
		F519CB4C29AA44EF00ACD6B6 /* 📱AppModel.swift in CopyFiles */ = {isa = PBXBuildFile; fileRef = 1281D252283E1C4300D59319 /* 📱AppModel.swift */; };
		F519CB4D29AA44EF00ACD6B6 /* 🪧ValueLabel.swift in CopyFiles */ = {isa = PBXBuildFile; fileRef = 12ADECF7283F7C1500431224 /* 🪧ValueLabel.swift */; };
		F519CB4E29AA44EF00ACD6B6 /* 👆Keypad.swift in CopyFiles */ = {isa = PBXBuildFile; fileRef = 12ADECF9283F7CC700431224 /* 👆Keypad.swift */; };
		F519CB4F29AA44EF00ACD6B6 /* 🛏BasalSwitchButton.swift in CopyFiles */ = {isa = PBXBuildFile; fileRef = F5C7DE2029A9FE0900694AFD /* 🛏BasalSwitchButton.swift */; };
		F519CB5029AA44EF00ACD6B6 /* ⌚️SyncDelegate.swift in CopyFiles */ = {isa = PBXBuildFile; fileRef = F5A109A129AA180900D2F390 /* ⌚️SyncDelegate.swift */; };
		F519CB5129AA44EF00ACD6B6 /* 💥Feedback.swift in CopyFiles */ = {isa = PBXBuildFile; fileRef = F5D2288E29A9A5A700F4F982 /* 💥Feedback.swift */; };
		F519CB5329AA451E00ACD6B6 /* TTApp.swift in CopyFiles */ = {isa = PBXBuildFile; fileRef = F5D228B229A9B1DD00F4F982 /* TTApp.swift */; };
		F519CB5429AA451E00ACD6B6 /* ContentView.swift in CopyFiles */ = {isa = PBXBuildFile; fileRef = F5D228B429A9B1DD00F4F982 /* ContentView.swift */; };
		F519CB5529AA451E00ACD6B6 /* 🗯ResultView.swift in CopyFiles */ = {isa = PBXBuildFile; fileRef = F53D11FF29A9F09000B35628 /* 🗯ResultView.swift */; };
		F519CB5729AA453F00ACD6B6 /* TTWidget.swift in CopyFiles */ = {isa = PBXBuildFile; fileRef = F5FFCE6729AA3C740035E638 /* TTWidget.swift */; };
		F519CB5829AAF6E500ACD6B6 /* InfoPlist.strings in Resources */ = {isa = PBXBuildFile; fileRef = 123690172844EE92006F22EE /* InfoPlist.strings */; };
		F519CB5929AAF6E500ACD6B6 /* Localizable.strings in Resources */ = {isa = PBXBuildFile; fileRef = 124BC6BC28437B9000F75E1F /* Localizable.strings */; };
		F519CB5A29AAF7CB00ACD6B6 /* Localizable.strings in Resources */ = {isa = PBXBuildFile; fileRef = 124BC6BC28437B9000F75E1F /* Localizable.strings */; };
		F53D120029A9F09000B35628 /* 🗯ResultView.swift in Sources */ = {isa = PBXBuildFile; fileRef = F53D11FF29A9F09000B35628 /* 🗯ResultView.swift */; };
		F585A0C62942AADC00BA665C /* ℹ️AboutAppMenu.swift in Sources */ = {isa = PBXBuildFile; fileRef = F585A0C12942AADC00BA665C /* ℹ️AboutAppMenu.swift */; };
		F585A0C72942AADC00BA665C /* Configuration.storekit in Resources */ = {isa = PBXBuildFile; fileRef = F585A0C22942AADC00BA665C /* Configuration.storekit */; };
		F585A0C82942AADC00BA665C /* 📣AD.swift in Sources */ = {isa = PBXBuildFile; fileRef = F585A0C32942AADC00BA665C /* 📣AD.swift */; };
		F585A0C92942AADC00BA665C /* Launch Screen.storyboard in Resources */ = {isa = PBXBuildFile; fileRef = F585A0C42942AADC00BA665C /* Launch Screen.storyboard */; };
		F585A0CA2942AADC00BA665C /* 🛒InAppPurchase.swift in Sources */ = {isa = PBXBuildFile; fileRef = F585A0C52942AADC00BA665C /* 🛒InAppPurchase.swift */; };
		F585A0CD2942B02E00BA665C /* 🌏AppStoreDescription.strings in Resources */ = {isa = PBXBuildFile; fileRef = F585A0CF2942B02E00BA665C /* 🌏AppStoreDescription.strings */; };
		F585A0D32942B06500BA665C /* 🌏VersionDescription.strings in Resources */ = {isa = PBXBuildFile; fileRef = F585A0D52942B06500BA665C /* 🌏VersionDescription.strings */; };
		F585A0D72942B1E400BA665C /* ℹ️AboutAppMenu.swift in CopyFiles */ = {isa = PBXBuildFile; fileRef = F585A0C12942AADC00BA665C /* ℹ️AboutAppMenu.swift */; };
		F585A0D82942B1E400BA665C /* 📣AD.swift in CopyFiles */ = {isa = PBXBuildFile; fileRef = F585A0C32942AADC00BA665C /* 📣AD.swift */; };
		F585A0D92942B1E400BA665C /* 🛒InAppPurchase.swift in CopyFiles */ = {isa = PBXBuildFile; fileRef = F585A0C52942AADC00BA665C /* 🛒InAppPurchase.swift */; };
		F58BC7EF29A83A20003DDAC1 /* 🧰MetaData.swift in Sources */ = {isa = PBXBuildFile; fileRef = F58BC7EE29A83A20003DDAC1 /* 🧰MetaData.swift */; };
		F58BC7F129A83BA6003DDAC1 /* 📣ADSheet.swift in Sources */ = {isa = PBXBuildFile; fileRef = F58BC7F029A83BA6003DDAC1 /* 📣ADSheet.swift */; };
		F58BC7F229A83E68003DDAC1 /* 📣ADSheet.swift in CopyFiles */ = {isa = PBXBuildFile; fileRef = F58BC7F029A83BA6003DDAC1 /* 📣ADSheet.swift */; };
		F5A109A229AA180900D2F390 /* ⌚️SyncDelegate.swift in Sources */ = {isa = PBXBuildFile; fileRef = F5A109A129AA180900D2F390 /* ⌚️SyncDelegate.swift */; };
		F5A109A329AA180900D2F390 /* ⌚️SyncDelegate.swift in Sources */ = {isa = PBXBuildFile; fileRef = F5A109A129AA180900D2F390 /* ⌚️SyncDelegate.swift */; };
		F5C7DE2129A9FE0900694AFD /* 🛏BasalSwitchButton.swift in Sources */ = {isa = PBXBuildFile; fileRef = F5C7DE2029A9FE0900694AFD /* 🛏BasalSwitchButton.swift */; };
		F5C7DE2229A9FE0900694AFD /* 🛏BasalSwitchButton.swift in Sources */ = {isa = PBXBuildFile; fileRef = F5C7DE2029A9FE0900694AFD /* 🛏BasalSwitchButton.swift */; };
		F5D2288F29A9A5A700F4F982 /* 💥Feedback.swift in Sources */ = {isa = PBXBuildFile; fileRef = F5D2288E29A9A5A700F4F982 /* 💥Feedback.swift */; };
		F5D228B329A9B1DD00F4F982 /* TTApp.swift in Sources */ = {isa = PBXBuildFile; fileRef = F5D228B229A9B1DD00F4F982 /* TTApp.swift */; };
		F5D228B529A9B1DD00F4F982 /* ContentView.swift in Sources */ = {isa = PBXBuildFile; fileRef = F5D228B429A9B1DD00F4F982 /* ContentView.swift */; };
		F5D228B729A9B1DF00F4F982 /* Assets.xcassets in Resources */ = {isa = PBXBuildFile; fileRef = F5D228B629A9B1DF00F4F982 /* Assets.xcassets */; };
		F5D228BA29A9B1DF00F4F982 /* Preview Assets.xcassets in Resources */ = {isa = PBXBuildFile; fileRef = F5D228B929A9B1DF00F4F982 /* Preview Assets.xcassets */; };
		F5D228BE29A9B24900F4F982 /* 💥Feedback.swift in Sources */ = {isa = PBXBuildFile; fileRef = F5D2288E29A9A5A700F4F982 /* 💥Feedback.swift */; };
		F5D228BF29A9B24900F4F982 /* 🪧ValueLabel.swift in Sources */ = {isa = PBXBuildFile; fileRef = 12ADECF7283F7C1500431224 /* 🪧ValueLabel.swift */; };
		F5D228C029A9B24900F4F982 /* 📱AppModel.swift in Sources */ = {isa = PBXBuildFile; fileRef = 1281D252283E1C4300D59319 /* 📱AppModel.swift */; };
		F5D228C129A9B24900F4F982 /* 👆Keypad.swift in Sources */ = {isa = PBXBuildFile; fileRef = 12ADECF9283F7CC700431224 /* 👆Keypad.swift */; };
		F5FFCE4329AA2DA00035E638 /* TapTemperature.app in Embed Watch Content */ = {isa = PBXBuildFile; fileRef = F5D228B029A9B1DD00F4F982 /* TapTemperature.app */; settings = {ATTRIBUTES = (RemoveHeadersOnCopy, ); }; };
		F5FFCE6329AA3C740035E638 /* WidgetKit.framework in Frameworks */ = {isa = PBXBuildFile; fileRef = F5FFCE6229AA3C740035E638 /* WidgetKit.framework */; };
		F5FFCE6529AA3C740035E638 /* SwiftUI.framework in Frameworks */ = {isa = PBXBuildFile; fileRef = F5FFCE6429AA3C740035E638 /* SwiftUI.framework */; };
		F5FFCE6829AA3C740035E638 /* TTWidget.swift in Sources */ = {isa = PBXBuildFile; fileRef = F5FFCE6729AA3C740035E638 /* TTWidget.swift */; };
		F5FFCE6A29AA3C760035E638 /* Assets.xcassets in Resources */ = {isa = PBXBuildFile; fileRef = F5FFCE6929AA3C760035E638 /* Assets.xcassets */; };
		F5FFCE6E29AA3C760035E638 /* TTWidgetExtension.appex in Embed Foundation Extensions */ = {isa = PBXBuildFile; fileRef = F5FFCE6129AA3C740035E638 /* TTWidgetExtension.appex */; settings = {ATTRIBUTES = (RemoveHeadersOnCopy, ); }; };
/* End PBXBuildFile section */

/* Begin PBXContainerItemProxy section */
		F5FFCE4429AA2DA00035E638 /* PBXContainerItemProxy */ = {
			isa = PBXContainerItemProxy;
			containerPortal = 12E811AF283089D300B0A615 /* Project object */;
			proxyType = 1;
			remoteGlobalIDString = F5D228AF29A9B1DD00F4F982;
			remoteInfo = "TT Watch App";
		};
		F5FFCE6C29AA3C760035E638 /* PBXContainerItemProxy */ = {
			isa = PBXContainerItemProxy;
			containerPortal = 12E811AF283089D300B0A615 /* Project object */;
			proxyType = 1;
			remoteGlobalIDString = F5FFCE6029AA3C740035E638;
			remoteInfo = TTWidgetExtension;
		};
/* End PBXContainerItemProxy section */

/* Begin PBXCopyFilesBuildPhase section */
		124BC6A7284333B900F75E1F /* CopyFiles */ = {
			isa = PBXCopyFilesBuildPhase;
			buildActionMask = 2147483647;
			dstPath = main;
			dstSubfolderSpec = 7;
			files = (
				124BC6A8284333E100F75E1F /* TapTemperatureApp.swift in CopyFiles */,
				124BC6A9284333E100F75E1F /* ContentView.swift in CopyFiles */,
			);
			runOnlyForDeploymentPostprocessing = 0;
		};
		124BC6B02843396A00F75E1F /* CopyFiles */ = {
			isa = PBXCopyFilesBuildPhase;
			buildActionMask = 2147483647;
			dstPath = "🧩Sub";
			dstSubfolderSpec = 7;
			files = (
				F519CB4A29AA44BD00ACD6B6 /* ⌚️SyncOptions.swift in CopyFiles */,
				F58BC7F229A83E68003DDAC1 /* 📣ADSheet.swift in CopyFiles */,
				1256A33D286B16E1002AF08A /* 🛠Menu.swift in CopyFiles */,
				1256A32D286ADEF5002AF08A /* 💟OpenHealthAppButton.swift in CopyFiles */,
				124BC6B128433C4F00F75E1F /* 🪧ValueLabel.swift in CopyFiles */,
				124BC6B228433C4F00F75E1F /* 👆Keypad.swift in CopyFiles */,
				124BC6B328433C4F00F75E1F /* 🗯ResultView.swift in CopyFiles */,
			);
			runOnlyForDeploymentPostprocessing = 0;
		};
		1256A329286ADEBD002AF08A /* CopyFiles */ = {
			isa = PBXCopyFilesBuildPhase;
			buildActionMask = 2147483647;
			dstPath = "🧰Others";
			dstSubfolderSpec = 7;
			files = (
				F585A0D72942B1E400BA665C /* ℹ️AboutAppMenu.swift in CopyFiles */,
				F585A0D82942B1E400BA665C /* 📣AD.swift in CopyFiles */,
				F585A0D92942B1E400BA665C /* 🛒InAppPurchase.swift in CopyFiles */,
			);
			runOnlyForDeploymentPostprocessing = 0;
		};
		F519CB4B29AA44D800ACD6B6 /* CopyFiles */ = {
			isa = PBXCopyFilesBuildPhase;
			buildActionMask = 2147483647;
			dstPath = Shared;
			dstSubfolderSpec = 7;
			files = (
				F519CB4C29AA44EF00ACD6B6 /* 📱AppModel.swift in CopyFiles */,
				F519CB4D29AA44EF00ACD6B6 /* 🪧ValueLabel.swift in CopyFiles */,
				F519CB4E29AA44EF00ACD6B6 /* 👆Keypad.swift in CopyFiles */,
				F519CB4F29AA44EF00ACD6B6 /* 🛏BasalSwitchButton.swift in CopyFiles */,
				F519CB5029AA44EF00ACD6B6 /* ⌚️SyncDelegate.swift in CopyFiles */,
				F519CB5129AA44EF00ACD6B6 /* 💥Feedback.swift in CopyFiles */,
			);
			runOnlyForDeploymentPostprocessing = 0;
		};
		F519CB5229AA44F700ACD6B6 /* CopyFiles */ = {
			isa = PBXCopyFilesBuildPhase;
			buildActionMask = 2147483647;
			dstPath = WatchApp;
			dstSubfolderSpec = 7;
			files = (
				F519CB5329AA451E00ACD6B6 /* TTApp.swift in CopyFiles */,
				F519CB5429AA451E00ACD6B6 /* ContentView.swift in CopyFiles */,
				F519CB5529AA451E00ACD6B6 /* 🗯ResultView.swift in CopyFiles */,
			);
			runOnlyForDeploymentPostprocessing = 0;
		};
		F519CB5629AA452300ACD6B6 /* CopyFiles */ = {
			isa = PBXCopyFilesBuildPhase;
			buildActionMask = 2147483647;
			dstPath = WatchComplication;
			dstSubfolderSpec = 7;
			files = (
				F519CB5729AA453F00ACD6B6 /* TTWidget.swift in CopyFiles */,
			);
			runOnlyForDeploymentPostprocessing = 0;
		};
		F5FFCE4629AA2DA00035E638 /* Embed Watch Content */ = {
			isa = PBXCopyFilesBuildPhase;
			buildActionMask = 2147483647;
			dstPath = "$(CONTENTS_FOLDER_PATH)/Watch";
			dstSubfolderSpec = 16;
			files = (
				F5FFCE4329AA2DA00035E638 /* TapTemperature.app in Embed Watch Content */,
			);
			name = "Embed Watch Content";
			runOnlyForDeploymentPostprocessing = 0;
		};
		F5FFCE6F29AA3C760035E638 /* Embed Foundation Extensions */ = {
			isa = PBXCopyFilesBuildPhase;
			buildActionMask = 2147483647;
			dstPath = "";
			dstSubfolderSpec = 13;
			files = (
				F5FFCE6E29AA3C760035E638 /* TTWidgetExtension.appex in Embed Foundation Extensions */,
			);
			name = "Embed Foundation Extensions";
			runOnlyForDeploymentPostprocessing = 0;
		};
/* End PBXCopyFilesBuildPhase section */

/* Begin PBXFileReference section */
		123690162844EE92006F22EE /* en */ = {isa = PBXFileReference; lastKnownFileType = text.plist.strings; name = en; path = en.lproj/InfoPlist.strings; sourceTree = "<group>"; };
		123690182844EE96006F22EE /* ja */ = {isa = PBXFileReference; lastKnownFileType = text.plist.strings; name = ja; path = ja.lproj/InfoPlist.strings; sourceTree = "<group>"; };
		123690192844F1BD006F22EE /* Info.plist */ = {isa = PBXFileReference; lastKnownFileType = text.plist.xml; path = Info.plist; sourceTree = "<group>"; };
		124BC6B62843761300F75E1F /* README.md */ = {isa = PBXFileReference; lastKnownFileType = net.daringfireball.markdown; path = README.md; sourceTree = "<group>"; };
		124BC6BB28437B9000F75E1F /* ja */ = {isa = PBXFileReference; lastKnownFileType = text.plist.strings; name = ja; path = ja.lproj/Localizable.strings; sourceTree = "<group>"; };
		124BC6BD28438EE200F75E1F /* en */ = {isa = PBXFileReference; lastKnownFileType = text.plist.strings; name = en; path = en.lproj/Localizable.strings; sourceTree = "<group>"; };
		1256A325286AD550002AF08A /* StoreKit.framework */ = {isa = PBXFileReference; lastKnownFileType = wrapper.framework; name = StoreKit.framework; path = System/Library/Frameworks/StoreKit.framework; sourceTree = SDKROOT; };
		1256A327286AD8FE002AF08A /* 💟OpenHealthAppButton.swift */ = {isa = PBXFileReference; lastKnownFileType = sourcecode.swift; path = "💟OpenHealthAppButton.swift"; sourceTree = "<group>"; };
		1256A33B286B1547002AF08A /* 🛠Menu.swift */ = {isa = PBXFileReference; lastKnownFileType = sourcecode.swift; path = "🛠Menu.swift"; sourceTree = "<group>"; };
		125A9BEC283B441D00C54634 /* 🗯ResultView.swift */ = {isa = PBXFileReference; lastKnownFileType = sourcecode.swift; path = "🗯ResultView.swift"; sourceTree = "<group>"; };
		1281D252283E1C4300D59319 /* 📱AppModel.swift */ = {isa = PBXFileReference; lastKnownFileType = sourcecode.swift; path = "📱AppModel.swift"; sourceTree = "<group>"; };
		12ADECF7283F7C1500431224 /* 🪧ValueLabel.swift */ = {isa = PBXFileReference; lastKnownFileType = sourcecode.swift; path = "🪧ValueLabel.swift"; sourceTree = "<group>"; };
		12ADECF9283F7CC700431224 /* 👆Keypad.swift */ = {isa = PBXFileReference; lastKnownFileType = sourcecode.swift; path = "👆Keypad.swift"; sourceTree = "<group>"; };
		12E811B7283089D300B0A615 /* Temperature.app */ = {isa = PBXFileReference; explicitFileType = wrapper.application; includeInIndex = 0; path = Temperature.app; sourceTree = BUILT_PRODUCTS_DIR; };
		12E811BA283089D300B0A615 /* TapTemperatureApp.swift */ = {isa = PBXFileReference; lastKnownFileType = sourcecode.swift; path = TapTemperatureApp.swift; sourceTree = "<group>"; };
		12E811BC283089D300B0A615 /* ContentView.swift */ = {isa = PBXFileReference; lastKnownFileType = sourcecode.swift; path = ContentView.swift; sourceTree = "<group>"; };
		12E811BE283089D400B0A615 /* Assets.xcassets */ = {isa = PBXFileReference; lastKnownFileType = folder.assetcatalog; path = Assets.xcassets; sourceTree = "<group>"; };
		12E811C1283089D400B0A615 /* Preview Assets.xcassets */ = {isa = PBXFileReference; lastKnownFileType = folder.assetcatalog; path = "Preview Assets.xcassets"; sourceTree = "<group>"; };
		12E811C828308A2100B0A615 /* TapTemperature.entitlements */ = {isa = PBXFileReference; lastKnownFileType = text.plist.entitlements; path = TapTemperature.entitlements; sourceTree = "<group>"; };
		12E811CA28308A2100B0A615 /* HealthKit.framework */ = {isa = PBXFileReference; lastKnownFileType = wrapper.framework; name = HealthKit.framework; path = System/Library/Frameworks/HealthKit.framework; sourceTree = SDKROOT; };
		F519CB4829AA43DF00ACD6B6 /* ⌚️SyncOptions.swift */ = {isa = PBXFileReference; lastKnownFileType = sourcecode.swift; path = "⌚️SyncOptions.swift"; sourceTree = "<group>"; };
		F53D11FF29A9F09000B35628 /* 🗯ResultView.swift */ = {isa = PBXFileReference; lastKnownFileType = sourcecode.swift; path = "🗯ResultView.swift"; sourceTree = "<group>"; };
		F585A0C12942AADC00BA665C /* ℹ️AboutAppMenu.swift */ = {isa = PBXFileReference; fileEncoding = 4; lastKnownFileType = sourcecode.swift; path = "ℹ️AboutAppMenu.swift"; sourceTree = "<group>"; };
		F585A0C22942AADC00BA665C /* Configuration.storekit */ = {isa = PBXFileReference; fileEncoding = 4; lastKnownFileType = text; path = Configuration.storekit; sourceTree = "<group>"; };
		F585A0C32942AADC00BA665C /* 📣AD.swift */ = {isa = PBXFileReference; fileEncoding = 4; lastKnownFileType = sourcecode.swift; path = "📣AD.swift"; sourceTree = "<group>"; };
		F585A0C42942AADC00BA665C /* Launch Screen.storyboard */ = {isa = PBXFileReference; fileEncoding = 4; lastKnownFileType = file.storyboard; path = "Launch Screen.storyboard"; sourceTree = "<group>"; };
		F585A0C52942AADC00BA665C /* 🛒InAppPurchase.swift */ = {isa = PBXFileReference; fileEncoding = 4; lastKnownFileType = sourcecode.swift; path = "🛒InAppPurchase.swift"; sourceTree = "<group>"; };
		F585A0CE2942B02E00BA665C /* en */ = {isa = PBXFileReference; lastKnownFileType = text.plist.strings; name = en; path = "en.lproj/🌏AppStoreDescription.strings"; sourceTree = "<group>"; };
		F585A0D02942B03300BA665C /* ja */ = {isa = PBXFileReference; lastKnownFileType = text.plist.strings; name = ja; path = "ja.lproj/🌏AppStoreDescription.strings"; sourceTree = "<group>"; };
		F585A0D42942B06500BA665C /* en */ = {isa = PBXFileReference; lastKnownFileType = text.plist.strings; name = en; path = "en.lproj/🌏VersionDescription.strings"; sourceTree = "<group>"; };
		F585A0D62942B06800BA665C /* ja */ = {isa = PBXFileReference; lastKnownFileType = text.plist.strings; name = ja; path = "ja.lproj/🌏VersionDescription.strings"; sourceTree = "<group>"; };
		F58BC7EE29A83A20003DDAC1 /* 🧰MetaData.swift */ = {isa = PBXFileReference; fileEncoding = 4; lastKnownFileType = sourcecode.swift; path = "🧰MetaData.swift"; sourceTree = "<group>"; };
		F58BC7F029A83BA6003DDAC1 /* 📣ADSheet.swift */ = {isa = PBXFileReference; fileEncoding = 4; lastKnownFileType = sourcecode.swift; path = "📣ADSheet.swift"; sourceTree = "<group>"; };
		F597586A28D94E0E002521F8 /* ar */ = {isa = PBXFileReference; lastKnownFileType = text.plist.strings; name = ar; path = ar.lproj/InfoPlist.strings; sourceTree = "<group>"; };
		F597586B28D94E0E002521F8 /* ar */ = {isa = PBXFileReference; lastKnownFileType = text.plist.strings; name = ar; path = ar.lproj/Localizable.strings; sourceTree = "<group>"; };
		F597586C28D94E13002521F8 /* zh-Hans */ = {isa = PBXFileReference; lastKnownFileType = text.plist.strings; name = "zh-Hans"; path = "zh-Hans.lproj/InfoPlist.strings"; sourceTree = "<group>"; };
		F597586D28D94E13002521F8 /* zh-Hans */ = {isa = PBXFileReference; lastKnownFileType = text.plist.strings; name = "zh-Hans"; path = "zh-Hans.lproj/Localizable.strings"; sourceTree = "<group>"; };
		F597586E28D94E16002521F8 /* zh-Hant */ = {isa = PBXFileReference; lastKnownFileType = text.plist.strings; name = "zh-Hant"; path = "zh-Hant.lproj/InfoPlist.strings"; sourceTree = "<group>"; };
		F597586F28D94E16002521F8 /* zh-Hant */ = {isa = PBXFileReference; lastKnownFileType = text.plist.strings; name = "zh-Hant"; path = "zh-Hant.lproj/Localizable.strings"; sourceTree = "<group>"; };
		F597587028D94E20002521F8 /* fr */ = {isa = PBXFileReference; lastKnownFileType = text.plist.strings; name = fr; path = fr.lproj/InfoPlist.strings; sourceTree = "<group>"; };
		F597587128D94E20002521F8 /* fr */ = {isa = PBXFileReference; lastKnownFileType = text.plist.strings; name = fr; path = fr.lproj/Localizable.strings; sourceTree = "<group>"; };
		F597587228D94E28002521F8 /* de */ = {isa = PBXFileReference; lastKnownFileType = text.plist.strings; name = de; path = de.lproj/InfoPlist.strings; sourceTree = "<group>"; };
		F597587328D94E28002521F8 /* de */ = {isa = PBXFileReference; lastKnownFileType = text.plist.strings; name = de; path = de.lproj/Localizable.strings; sourceTree = "<group>"; };
		F597587428D94E2E002521F8 /* id */ = {isa = PBXFileReference; lastKnownFileType = text.plist.strings; name = id; path = id.lproj/InfoPlist.strings; sourceTree = "<group>"; };
		F597587528D94E2E002521F8 /* id */ = {isa = PBXFileReference; lastKnownFileType = text.plist.strings; name = id; path = id.lproj/Localizable.strings; sourceTree = "<group>"; };
		F597587828D94E3A002521F8 /* ko */ = {isa = PBXFileReference; lastKnownFileType = text.plist.strings; name = ko; path = ko.lproj/InfoPlist.strings; sourceTree = "<group>"; };
		F597587928D94E3A002521F8 /* ko */ = {isa = PBXFileReference; lastKnownFileType = text.plist.strings; name = ko; path = ko.lproj/Localizable.strings; sourceTree = "<group>"; };
		F597587A28D94E41002521F8 /* ru */ = {isa = PBXFileReference; lastKnownFileType = text.plist.strings; name = ru; path = ru.lproj/InfoPlist.strings; sourceTree = "<group>"; };
		F597587B28D94E41002521F8 /* ru */ = {isa = PBXFileReference; lastKnownFileType = text.plist.strings; name = ru; path = ru.lproj/Localizable.strings; sourceTree = "<group>"; };
		F597587C28D94E47002521F8 /* uk */ = {isa = PBXFileReference; lastKnownFileType = text.plist.strings; name = uk; path = uk.lproj/InfoPlist.strings; sourceTree = "<group>"; };
		F597587D28D94E47002521F8 /* uk */ = {isa = PBXFileReference; lastKnownFileType = text.plist.strings; name = uk; path = uk.lproj/Localizable.strings; sourceTree = "<group>"; };
		F597587E28D94E58002521F8 /* pt-PT */ = {isa = PBXFileReference; lastKnownFileType = text.plist.strings; name = "pt-PT"; path = "pt-PT.lproj/InfoPlist.strings"; sourceTree = "<group>"; };
		F597587F28D94E58002521F8 /* pt-PT */ = {isa = PBXFileReference; lastKnownFileType = text.plist.strings; name = "pt-PT"; path = "pt-PT.lproj/Localizable.strings"; sourceTree = "<group>"; };
		F597588028D94E78002521F8 /* pt-BR */ = {isa = PBXFileReference; lastKnownFileType = text.plist.strings; name = "pt-BR"; path = "pt-BR.lproj/InfoPlist.strings"; sourceTree = "<group>"; };
		F597588128D94E78002521F8 /* pt-BR */ = {isa = PBXFileReference; lastKnownFileType = text.plist.strings; name = "pt-BR"; path = "pt-BR.lproj/Localizable.strings"; sourceTree = "<group>"; };
		F597588228D94E8C002521F8 /* es */ = {isa = PBXFileReference; lastKnownFileType = text.plist.strings; name = es; path = es.lproj/InfoPlist.strings; sourceTree = "<group>"; };
		F597588328D94E8C002521F8 /* es */ = {isa = PBXFileReference; lastKnownFileType = text.plist.strings; name = es; path = es.lproj/Localizable.strings; sourceTree = "<group>"; };
		F597588428D94E9B002521F8 /* es-419 */ = {isa = PBXFileReference; lastKnownFileType = text.plist.strings; name = "es-419"; path = "es-419.lproj/InfoPlist.strings"; sourceTree = "<group>"; };
		F597588528D94E9B002521F8 /* es-419 */ = {isa = PBXFileReference; lastKnownFileType = text.plist.strings; name = "es-419"; path = "es-419.lproj/Localizable.strings"; sourceTree = "<group>"; };
		F5A109A129AA180900D2F390 /* ⌚️SyncDelegate.swift */ = {isa = PBXFileReference; lastKnownFileType = sourcecode.swift; path = "⌚️SyncDelegate.swift"; sourceTree = "<group>"; };
		F5C7DE2029A9FE0900694AFD /* 🛏BasalSwitchButton.swift */ = {isa = PBXFileReference; lastKnownFileType = sourcecode.swift; path = "🛏BasalSwitchButton.swift"; sourceTree = "<group>"; };
		F5D2288E29A9A5A700F4F982 /* 💥Feedback.swift */ = {isa = PBXFileReference; lastKnownFileType = sourcecode.swift; path = "💥Feedback.swift"; sourceTree = "<group>"; };
		F5D228B029A9B1DD00F4F982 /* TapTemperature.app */ = {isa = PBXFileReference; explicitFileType = wrapper.application; includeInIndex = 0; path = TapTemperature.app; sourceTree = BUILT_PRODUCTS_DIR; };
		F5D228B229A9B1DD00F4F982 /* TTApp.swift */ = {isa = PBXFileReference; lastKnownFileType = sourcecode.swift; path = TTApp.swift; sourceTree = "<group>"; };
		F5D228B429A9B1DD00F4F982 /* ContentView.swift */ = {isa = PBXFileReference; lastKnownFileType = sourcecode.swift; path = ContentView.swift; sourceTree = "<group>"; };
		F5D228B629A9B1DF00F4F982 /* Assets.xcassets */ = {isa = PBXFileReference; lastKnownFileType = folder.assetcatalog; path = Assets.xcassets; sourceTree = "<group>"; };
		F5D228B929A9B1DF00F4F982 /* Preview Assets.xcassets */ = {isa = PBXFileReference; lastKnownFileType = folder.assetcatalog; path = "Preview Assets.xcassets"; sourceTree = "<group>"; };
		F5D228C229A9B25B00F4F982 /* TT Watch App.entitlements */ = {isa = PBXFileReference; lastKnownFileType = text.plist.entitlements; path = "TT Watch App.entitlements"; sourceTree = "<group>"; };
		F5FFCE6129AA3C740035E638 /* TTWidgetExtension.appex */ = {isa = PBXFileReference; explicitFileType = "wrapper.app-extension"; includeInIndex = 0; path = TTWidgetExtension.appex; sourceTree = BUILT_PRODUCTS_DIR; };
		F5FFCE6229AA3C740035E638 /* WidgetKit.framework */ = {isa = PBXFileReference; lastKnownFileType = wrapper.framework; name = WidgetKit.framework; path = System/Library/Frameworks/WidgetKit.framework; sourceTree = SDKROOT; };
		F5FFCE6429AA3C740035E638 /* SwiftUI.framework */ = {isa = PBXFileReference; lastKnownFileType = wrapper.framework; name = SwiftUI.framework; path = System/Library/Frameworks/SwiftUI.framework; sourceTree = SDKROOT; };
		F5FFCE6729AA3C740035E638 /* TTWidget.swift */ = {isa = PBXFileReference; lastKnownFileType = sourcecode.swift; path = TTWidget.swift; sourceTree = "<group>"; };
		F5FFCE6929AA3C760035E638 /* Assets.xcassets */ = {isa = PBXFileReference; lastKnownFileType = folder.assetcatalog; path = Assets.xcassets; sourceTree = "<group>"; };
		F5FFCE6B29AA3C760035E638 /* Info.plist */ = {isa = PBXFileReference; lastKnownFileType = text.plist.xml; path = Info.plist; sourceTree = "<group>"; };
/* End PBXFileReference section */

/* Begin PBXFrameworksBuildPhase section */
		12E811B4283089D300B0A615 /* Frameworks */ = {
			isa = PBXFrameworksBuildPhase;
			buildActionMask = 2147483647;
			files = (
				12E811CB28308A2100B0A615 /* HealthKit.framework in Frameworks */,
				1256A326286AD550002AF08A /* StoreKit.framework in Frameworks */,
			);
			runOnlyForDeploymentPostprocessing = 0;
		};
		F5D228AD29A9B1DD00F4F982 /* Frameworks */ = {
			isa = PBXFrameworksBuildPhase;
			buildActionMask = 2147483647;
			files = (
			);
			runOnlyForDeploymentPostprocessing = 0;
		};
		F5FFCE5E29AA3C740035E638 /* Frameworks */ = {
			isa = PBXFrameworksBuildPhase;
			buildActionMask = 2147483647;
			files = (
				F5FFCE6529AA3C740035E638 /* SwiftUI.framework in Frameworks */,
				F5FFCE6329AA3C740035E638 /* WidgetKit.framework in Frameworks */,
			);
			runOnlyForDeploymentPostprocessing = 0;
		};
/* End PBXFrameworksBuildPhase section */

/* Begin PBXGroup section */
		1288ADE2286ACDDB002F5511 /* 🧩Sub */ = {
			isa = PBXGroup;
			children = (
				125A9BEC283B441D00C54634 /* 🗯ResultView.swift */,
				1256A327286AD8FE002AF08A /* 💟OpenHealthAppButton.swift */,
				1256A33B286B1547002AF08A /* 🛠Menu.swift */,
				F519CB4829AA43DF00ACD6B6 /* ⌚️SyncOptions.swift */,
				F58BC7F029A83BA6003DDAC1 /* 📣ADSheet.swift */,
				123690192844F1BD006F22EE /* Info.plist */,
				12E811C828308A2100B0A615 /* TapTemperature.entitlements */,
				12E811C0283089D400B0A615 /* Preview Content */,
			);
			path = "🧩Sub";
			sourceTree = "<group>";
		};
		1288ADE4286ACE01002F5511 /* 🌏Localization */ = {
			isa = PBXGroup;
			children = (
				124BC6BC28437B9000F75E1F /* Localizable.strings */,
				123690172844EE92006F22EE /* InfoPlist.strings */,
				F585A0CF2942B02E00BA665C /* 🌏AppStoreDescription.strings */,
				F585A0D52942B06500BA665C /* 🌏VersionDescription.strings */,
			);
			path = "🌏Localization";
			sourceTree = "<group>";
		};
		12E811AE283089D300B0A615 = {
			isa = PBXGroup;
			children = (
				124BC6B62843761300F75E1F /* README.md */,
				F5D2289029A9A71900F4F982 /* ♻️Shared */,
				12E811B9283089D300B0A615 /* TapTemperature */,
				F5D228B129A9B1DD00F4F982 /* TT Watch App */,
				F5FFCE6629AA3C740035E638 /* TTWidget */,
				12E811B8283089D300B0A615 /* Products */,
				12E811C928308A2100B0A615 /* Frameworks */,
			);
			sourceTree = "<group>";
		};
		12E811B8283089D300B0A615 /* Products */ = {
			isa = PBXGroup;
			children = (
				12E811B7283089D300B0A615 /* Temperature.app */,
				F5D228B029A9B1DD00F4F982 /* TapTemperature.app */,
				F5FFCE6129AA3C740035E638 /* TTWidgetExtension.appex */,
			);
			name = Products;
			sourceTree = "<group>";
		};
		12E811B9283089D300B0A615 /* TapTemperature */ = {
			isa = PBXGroup;
			children = (
				12E811BA283089D300B0A615 /* TapTemperatureApp.swift */,
				12E811BC283089D300B0A615 /* ContentView.swift */,
				1288ADE2286ACDDB002F5511 /* 🧩Sub */,
				F585A0C02942AADC00BA665C /* 🧰Others */,
				1288ADE4286ACE01002F5511 /* 🌏Localization */,
				12E811BE283089D400B0A615 /* Assets.xcassets */,
			);
			path = TapTemperature;
			sourceTree = "<group>";
		};
		12E811C0283089D400B0A615 /* Preview Content */ = {
			isa = PBXGroup;
			children = (
				12E811C1283089D400B0A615 /* Preview Assets.xcassets */,
			);
			path = "Preview Content";
			sourceTree = "<group>";
		};
		12E811C928308A2100B0A615 /* Frameworks */ = {
			isa = PBXGroup;
			children = (
				1256A325286AD550002AF08A /* StoreKit.framework */,
				12E811CA28308A2100B0A615 /* HealthKit.framework */,
				F5FFCE6229AA3C740035E638 /* WidgetKit.framework */,
				F5FFCE6429AA3C740035E638 /* SwiftUI.framework */,
			);
			name = Frameworks;
			sourceTree = "<group>";
		};
		F585A0C02942AADC00BA665C /* 🧰Others */ = {
			isa = PBXGroup;
			children = (
				F58BC7EE29A83A20003DDAC1 /* 🧰MetaData.swift */,
				F585A0C12942AADC00BA665C /* ℹ️AboutAppMenu.swift */,
				F585A0C32942AADC00BA665C /* 📣AD.swift */,
				F585A0C52942AADC00BA665C /* 🛒InAppPurchase.swift */,
				F585A0C42942AADC00BA665C /* Launch Screen.storyboard */,
				F585A0C22942AADC00BA665C /* Configuration.storekit */,
			);
			path = "🧰Others";
			sourceTree = "<group>";
		};
		F5D2289029A9A71900F4F982 /* ♻️Shared */ = {
			isa = PBXGroup;
			children = (
				1281D252283E1C4300D59319 /* 📱AppModel.swift */,
				12ADECF7283F7C1500431224 /* 🪧ValueLabel.swift */,
				12ADECF9283F7CC700431224 /* 👆Keypad.swift */,
				F5C7DE2029A9FE0900694AFD /* 🛏BasalSwitchButton.swift */,
				F5A109A129AA180900D2F390 /* ⌚️SyncDelegate.swift */,
				F5D2288E29A9A5A700F4F982 /* 💥Feedback.swift */,
			);
			path = "♻️Shared";
			sourceTree = "<group>";
		};
		F5D228B129A9B1DD00F4F982 /* TT Watch App */ = {
			isa = PBXGroup;
			children = (
				F5D228B229A9B1DD00F4F982 /* TTApp.swift */,
				F5D228B429A9B1DD00F4F982 /* ContentView.swift */,
				F53D11FF29A9F09000B35628 /* 🗯ResultView.swift */,
				F5D228B629A9B1DF00F4F982 /* Assets.xcassets */,
				F5D228C229A9B25B00F4F982 /* TT Watch App.entitlements */,
				F5D228B829A9B1DF00F4F982 /* Preview Content */,
			);
			path = "TT Watch App";
			sourceTree = "<group>";
		};
		F5D228B829A9B1DF00F4F982 /* Preview Content */ = {
			isa = PBXGroup;
			children = (
				F5D228B929A9B1DF00F4F982 /* Preview Assets.xcassets */,
			);
			path = "Preview Content";
			sourceTree = "<group>";
		};
		F5FFCE6629AA3C740035E638 /* TTWidget */ = {
			isa = PBXGroup;
			children = (
				F5FFCE6729AA3C740035E638 /* TTWidget.swift */,
				F5FFCE6929AA3C760035E638 /* Assets.xcassets */,
				F5FFCE6B29AA3C760035E638 /* Info.plist */,
			);
			path = TTWidget;
			sourceTree = "<group>";
		};
/* End PBXGroup section */

/* Begin PBXNativeTarget section */
		12E811B6283089D300B0A615 /* TapTemperature */ = {
			isa = PBXNativeTarget;
			buildConfigurationList = 12E811C5283089D400B0A615 /* Build configuration list for PBXNativeTarget "TapTemperature" */;
			buildPhases = (
				12E811B3283089D300B0A615 /* Sources */,
				12E811B4283089D300B0A615 /* Frameworks */,
				12E811B5283089D300B0A615 /* Resources */,
				F519CB4B29AA44D800ACD6B6 /* CopyFiles */,
				124BC6A7284333B900F75E1F /* CopyFiles */,
				124BC6B02843396A00F75E1F /* CopyFiles */,
				1256A329286ADEBD002AF08A /* CopyFiles */,
				F519CB5229AA44F700ACD6B6 /* CopyFiles */,
				F519CB5629AA452300ACD6B6 /* CopyFiles */,
				F5FFCE4629AA2DA00035E638 /* Embed Watch Content */,
			);
			buildRules = (
			);
			dependencies = (
				F5FFCE4529AA2DA00035E638 /* PBXTargetDependency */,
			);
			name = TapTemperature;
			productName = TapTemperature;
			productReference = 12E811B7283089D300B0A615 /* Temperature.app */;
			productType = "com.apple.product-type.application";
		};
		F5D228AF29A9B1DD00F4F982 /* TT Watch App */ = {
			isa = PBXNativeTarget;
			buildConfigurationList = F5D228BB29A9B1DF00F4F982 /* Build configuration list for PBXNativeTarget "TT Watch App" */;
			buildPhases = (
				F5D228AC29A9B1DD00F4F982 /* Sources */,
				F5D228AD29A9B1DD00F4F982 /* Frameworks */,
				F5D228AE29A9B1DD00F4F982 /* Resources */,
				F5FFCE6F29AA3C760035E638 /* Embed Foundation Extensions */,
			);
			buildRules = (
			);
			dependencies = (
				F5FFCE6D29AA3C760035E638 /* PBXTargetDependency */,
			);
			name = "TT Watch App";
			productName = "TT Watch App";
			productReference = F5D228B029A9B1DD00F4F982 /* TapTemperature.app */;
			productType = "com.apple.product-type.application";
		};
		F5FFCE6029AA3C740035E638 /* TTWidgetExtension */ = {
			isa = PBXNativeTarget;
			buildConfigurationList = F5FFCE7229AA3C760035E638 /* Build configuration list for PBXNativeTarget "TTWidgetExtension" */;
			buildPhases = (
				F5FFCE5D29AA3C740035E638 /* Sources */,
				F5FFCE5E29AA3C740035E638 /* Frameworks */,
				F5FFCE5F29AA3C740035E638 /* Resources */,
			);
			buildRules = (
			);
			dependencies = (
			);
			name = TTWidgetExtension;
			productName = TTWidgetExtension;
			productReference = F5FFCE6129AA3C740035E638 /* TTWidgetExtension.appex */;
			productType = "com.apple.product-type.app-extension";
		};
/* End PBXNativeTarget section */

/* Begin PBXProject section */
		12E811AF283089D300B0A615 /* Project object */ = {
			isa = PBXProject;
			attributes = {
				BuildIndependentTargetsInParallel = 1;
				LastSwiftUpdateCheck = 1420;
				LastUpgradeCheck = 1340;
				TargetAttributes = {
					12E811B6283089D300B0A615 = {
						CreatedOnToolsVersion = 13.3;
					};
					F5D228AF29A9B1DD00F4F982 = {
						CreatedOnToolsVersion = 14.2;
					};
					F5FFCE6029AA3C740035E638 = {
						CreatedOnToolsVersion = 14.2;
					};
				};
			};
			buildConfigurationList = 12E811B2283089D300B0A615 /* Build configuration list for PBXProject "TapTemperature" */;
			compatibilityVersion = "Xcode 13.0";
			developmentRegion = en;
			hasScannedForEncodings = 0;
			knownRegions = (
				en,
				ja,
				ar,
				"zh-Hans",
				"zh-Hant",
				fr,
				de,
				id,
				ko,
				ru,
				uk,
				"pt-PT",
				"pt-BR",
				es,
				Base,
				"es-419",
			);
			mainGroup = 12E811AE283089D300B0A615;
			productRefGroup = 12E811B8283089D300B0A615 /* Products */;
			projectDirPath = "";
			projectRoot = "";
			targets = (
				12E811B6283089D300B0A615 /* TapTemperature */,
				F5D228AF29A9B1DD00F4F982 /* TT Watch App */,
				F5FFCE6029AA3C740035E638 /* TTWidgetExtension */,
			);
		};
/* End PBXProject section */

/* Begin PBXResourcesBuildPhase section */
		12E811B5283089D300B0A615 /* Resources */ = {
			isa = PBXResourcesBuildPhase;
			buildActionMask = 2147483647;
			files = (
				12E811C2283089D400B0A615 /* Preview Assets.xcassets in Resources */,
				F585A0D32942B06500BA665C /* 🌏VersionDescription.strings in Resources */,
				F585A0C72942AADC00BA665C /* Configuration.storekit in Resources */,
				123690152844EE92006F22EE /* InfoPlist.strings in Resources */,
				124BC6BA28437B9000F75E1F /* Localizable.strings in Resources */,
				12E811BF283089D400B0A615 /* Assets.xcassets in Resources */,
				F585A0C92942AADC00BA665C /* Launch Screen.storyboard in Resources */,
				F585A0CD2942B02E00BA665C /* 🌏AppStoreDescription.strings in Resources */,
			);
			runOnlyForDeploymentPostprocessing = 0;
		};
		F5D228AE29A9B1DD00F4F982 /* Resources */ = {
			isa = PBXResourcesBuildPhase;
			buildActionMask = 2147483647;
			files = (
				F5D228BA29A9B1DF00F4F982 /* Preview Assets.xcassets in Resources */,
				F519CB5929AAF6E500ACD6B6 /* Localizable.strings in Resources */,
				F519CB5829AAF6E500ACD6B6 /* InfoPlist.strings in Resources */,
				F5D228B729A9B1DF00F4F982 /* Assets.xcassets in Resources */,
			);
			runOnlyForDeploymentPostprocessing = 0;
		};
		F5FFCE5F29AA3C740035E638 /* Resources */ = {
			isa = PBXResourcesBuildPhase;
			buildActionMask = 2147483647;
			files = (
				F5FFCE6A29AA3C760035E638 /* Assets.xcassets in Resources */,
				F519CB5A29AAF7CB00ACD6B6 /* Localizable.strings in Resources */,
			);
			runOnlyForDeploymentPostprocessing = 0;
		};
/* End PBXResourcesBuildPhase section */

/* Begin PBXSourcesBuildPhase section */
		12E811B3283089D300B0A615 /* Sources */ = {
			isa = PBXSourcesBuildPhase;
			buildActionMask = 2147483647;
			files = (
				F58BC7F129A83BA6003DDAC1 /* 📣ADSheet.swift in Sources */,
				1256A33C286B1547002AF08A /* 🛠Menu.swift in Sources */,
				F585A0C62942AADC00BA665C /* ℹ️AboutAppMenu.swift in Sources */,
				1281D253283E1C4300D59319 /* 📱AppModel.swift in Sources */,
				1256A328286AD8FE002AF08A /* 💟OpenHealthAppButton.swift in Sources */,
				F585A0CA2942AADC00BA665C /* 🛒InAppPurchase.swift in Sources */,
				12ADECF8283F7C1500431224 /* 🪧ValueLabel.swift in Sources */,
				12E811BD283089D300B0A615 /* ContentView.swift in Sources */,
				12ADECFA283F7CC700431224 /* 👆Keypad.swift in Sources */,
				F585A0C82942AADC00BA665C /* 📣AD.swift in Sources */,
				125A9BED283B441D00C54634 /* 🗯ResultView.swift in Sources */,
				F58BC7EF29A83A20003DDAC1 /* 🧰MetaData.swift in Sources */,
				F5A109A229AA180900D2F390 /* ⌚️SyncDelegate.swift in Sources */,
				F5D2288F29A9A5A700F4F982 /* 💥Feedback.swift in Sources */,
				12E811BB283089D300B0A615 /* TapTemperatureApp.swift in Sources */,
				F519CB4929AA43DF00ACD6B6 /* ⌚️SyncOptions.swift in Sources */,
				F5C7DE2129A9FE0900694AFD /* 🛏BasalSwitchButton.swift in Sources */,
			);
			runOnlyForDeploymentPostprocessing = 0;
		};
		F5D228AC29A9B1DD00F4F982 /* Sources */ = {
			isa = PBXSourcesBuildPhase;
			buildActionMask = 2147483647;
			files = (
				F5D228B529A9B1DD00F4F982 /* ContentView.swift in Sources */,
				F5D228BE29A9B24900F4F982 /* 💥Feedback.swift in Sources */,
				F5D228C129A9B24900F4F982 /* 👆Keypad.swift in Sources */,
				F5C7DE2229A9FE0900694AFD /* 🛏BasalSwitchButton.swift in Sources */,
				F5D228B329A9B1DD00F4F982 /* TTApp.swift in Sources */,
				F5D228BF29A9B24900F4F982 /* 🪧ValueLabel.swift in Sources */,
				F5A109A329AA180900D2F390 /* ⌚️SyncDelegate.swift in Sources */,
				F53D120029A9F09000B35628 /* 🗯ResultView.swift in Sources */,
				F5D228C029A9B24900F4F982 /* 📱AppModel.swift in Sources */,
			);
			runOnlyForDeploymentPostprocessing = 0;
		};
		F5FFCE5D29AA3C740035E638 /* Sources */ = {
			isa = PBXSourcesBuildPhase;
			buildActionMask = 2147483647;
			files = (
				F5FFCE6829AA3C740035E638 /* TTWidget.swift in Sources */,
			);
			runOnlyForDeploymentPostprocessing = 0;
		};
/* End PBXSourcesBuildPhase section */

/* Begin PBXTargetDependency section */
		F5FFCE4529AA2DA00035E638 /* PBXTargetDependency */ = {
			isa = PBXTargetDependency;
			target = F5D228AF29A9B1DD00F4F982 /* TT Watch App */;
			targetProxy = F5FFCE4429AA2DA00035E638 /* PBXContainerItemProxy */;
		};
		F5FFCE6D29AA3C760035E638 /* PBXTargetDependency */ = {
			isa = PBXTargetDependency;
			target = F5FFCE6029AA3C740035E638 /* TTWidgetExtension */;
			targetProxy = F5FFCE6C29AA3C760035E638 /* PBXContainerItemProxy */;
		};
/* End PBXTargetDependency section */

/* Begin PBXVariantGroup section */
		123690172844EE92006F22EE /* InfoPlist.strings */ = {
			isa = PBXVariantGroup;
			children = (
				123690162844EE92006F22EE /* en */,
				123690182844EE96006F22EE /* ja */,
				F597586A28D94E0E002521F8 /* ar */,
				F597586C28D94E13002521F8 /* zh-Hans */,
				F597586E28D94E16002521F8 /* zh-Hant */,
				F597587028D94E20002521F8 /* fr */,
				F597587228D94E28002521F8 /* de */,
				F597587428D94E2E002521F8 /* id */,
				F597587828D94E3A002521F8 /* ko */,
				F597587A28D94E41002521F8 /* ru */,
				F597587C28D94E47002521F8 /* uk */,
				F597587E28D94E58002521F8 /* pt-PT */,
				F597588028D94E78002521F8 /* pt-BR */,
				F597588228D94E8C002521F8 /* es */,
				F597588428D94E9B002521F8 /* es-419 */,
			);
			name = InfoPlist.strings;
			sourceTree = "<group>";
		};
		124BC6BC28437B9000F75E1F /* Localizable.strings */ = {
			isa = PBXVariantGroup;
			children = (
				124BC6BB28437B9000F75E1F /* ja */,
				124BC6BD28438EE200F75E1F /* en */,
				F597586B28D94E0E002521F8 /* ar */,
				F597586D28D94E13002521F8 /* zh-Hans */,
				F597586F28D94E16002521F8 /* zh-Hant */,
				F597587128D94E20002521F8 /* fr */,
				F597587328D94E28002521F8 /* de */,
				F597587528D94E2E002521F8 /* id */,
				F597587928D94E3A002521F8 /* ko */,
				F597587B28D94E41002521F8 /* ru */,
				F597587D28D94E47002521F8 /* uk */,
				F597587F28D94E58002521F8 /* pt-PT */,
				F597588128D94E78002521F8 /* pt-BR */,
				F597588328D94E8C002521F8 /* es */,
				F597588528D94E9B002521F8 /* es-419 */,
			);
			name = Localizable.strings;
			sourceTree = "<group>";
		};
		F585A0CF2942B02E00BA665C /* 🌏AppStoreDescription.strings */ = {
			isa = PBXVariantGroup;
			children = (
				F585A0CE2942B02E00BA665C /* en */,
				F585A0D02942B03300BA665C /* ja */,
			);
			name = "🌏AppStoreDescription.strings";
			sourceTree = "<group>";
		};
		F585A0D52942B06500BA665C /* 🌏VersionDescription.strings */ = {
			isa = PBXVariantGroup;
			children = (
				F585A0D42942B06500BA665C /* en */,
				F585A0D62942B06800BA665C /* ja */,
			);
			name = "🌏VersionDescription.strings";
			sourceTree = "<group>";
		};
/* End PBXVariantGroup section */

/* Begin XCBuildConfiguration section */
		12E811C3283089D400B0A615 /* Debug */ = {
			isa = XCBuildConfiguration;
			buildSettings = {
				ALWAYS_SEARCH_USER_PATHS = NO;
				CLANG_ANALYZER_LOCALIZABILITY_NONLOCALIZED = YES;
				CLANG_ANALYZER_NONNULL = YES;
				CLANG_ANALYZER_NUMBER_OBJECT_CONVERSION = YES_AGGRESSIVE;
				CLANG_CXX_LANGUAGE_STANDARD = "gnu++17";
				CLANG_ENABLE_MODULES = YES;
				CLANG_ENABLE_OBJC_ARC = YES;
				CLANG_ENABLE_OBJC_WEAK = YES;
				CLANG_WARN_BLOCK_CAPTURE_AUTORELEASING = YES;
				CLANG_WARN_BOOL_CONVERSION = YES;
				CLANG_WARN_COMMA = YES;
				CLANG_WARN_CONSTANT_CONVERSION = YES;
				CLANG_WARN_DEPRECATED_OBJC_IMPLEMENTATIONS = YES;
				CLANG_WARN_DIRECT_OBJC_ISA_USAGE = YES_ERROR;
				CLANG_WARN_DOCUMENTATION_COMMENTS = YES;
				CLANG_WARN_EMPTY_BODY = YES;
				CLANG_WARN_ENUM_CONVERSION = YES;
				CLANG_WARN_INFINITE_RECURSION = YES;
				CLANG_WARN_INT_CONVERSION = YES;
				CLANG_WARN_NON_LITERAL_NULL_CONVERSION = YES;
				CLANG_WARN_OBJC_IMPLICIT_RETAIN_SELF = YES;
				CLANG_WARN_OBJC_LITERAL_CONVERSION = YES;
				CLANG_WARN_OBJC_ROOT_CLASS = YES_ERROR;
				CLANG_WARN_QUOTED_INCLUDE_IN_FRAMEWORK_HEADER = YES;
				CLANG_WARN_RANGE_LOOP_ANALYSIS = YES;
				CLANG_WARN_STRICT_PROTOTYPES = YES;
				CLANG_WARN_SUSPICIOUS_MOVE = YES;
				CLANG_WARN_UNGUARDED_AVAILABILITY = YES_AGGRESSIVE;
				CLANG_WARN_UNREACHABLE_CODE = YES;
				CLANG_WARN__DUPLICATE_METHOD_MATCH = YES;
				COPY_PHASE_STRIP = NO;
				DEBUG_INFORMATION_FORMAT = dwarf;
				ENABLE_STRICT_OBJC_MSGSEND = YES;
				ENABLE_TESTABILITY = YES;
				GCC_C_LANGUAGE_STANDARD = gnu11;
				GCC_DYNAMIC_NO_PIC = NO;
				GCC_NO_COMMON_BLOCKS = YES;
				GCC_OPTIMIZATION_LEVEL = 0;
				GCC_PREPROCESSOR_DEFINITIONS = (
					"DEBUG=1",
					"$(inherited)",
				);
				GCC_WARN_64_TO_32_BIT_CONVERSION = YES;
				GCC_WARN_ABOUT_RETURN_TYPE = YES_ERROR;
				GCC_WARN_UNDECLARED_SELECTOR = YES;
				GCC_WARN_UNINITIALIZED_AUTOS = YES_AGGRESSIVE;
				GCC_WARN_UNUSED_FUNCTION = YES;
				GCC_WARN_UNUSED_VARIABLE = YES;
				IPHONEOS_DEPLOYMENT_TARGET = 15.0;
				MTL_ENABLE_DEBUG_INFO = INCLUDE_SOURCE;
				MTL_FAST_MATH = YES;
				ONLY_ACTIVE_ARCH = YES;
				SDKROOT = iphoneos;
				SWIFT_ACTIVE_COMPILATION_CONDITIONS = DEBUG;
				SWIFT_OPTIMIZATION_LEVEL = "-Onone";
			};
			name = Debug;
		};
		12E811C4283089D400B0A615 /* Release */ = {
			isa = XCBuildConfiguration;
			buildSettings = {
				ALWAYS_SEARCH_USER_PATHS = NO;
				CLANG_ANALYZER_LOCALIZABILITY_NONLOCALIZED = YES;
				CLANG_ANALYZER_NONNULL = YES;
				CLANG_ANALYZER_NUMBER_OBJECT_CONVERSION = YES_AGGRESSIVE;
				CLANG_CXX_LANGUAGE_STANDARD = "gnu++17";
				CLANG_ENABLE_MODULES = YES;
				CLANG_ENABLE_OBJC_ARC = YES;
				CLANG_ENABLE_OBJC_WEAK = YES;
				CLANG_WARN_BLOCK_CAPTURE_AUTORELEASING = YES;
				CLANG_WARN_BOOL_CONVERSION = YES;
				CLANG_WARN_COMMA = YES;
				CLANG_WARN_CONSTANT_CONVERSION = YES;
				CLANG_WARN_DEPRECATED_OBJC_IMPLEMENTATIONS = YES;
				CLANG_WARN_DIRECT_OBJC_ISA_USAGE = YES_ERROR;
				CLANG_WARN_DOCUMENTATION_COMMENTS = YES;
				CLANG_WARN_EMPTY_BODY = YES;
				CLANG_WARN_ENUM_CONVERSION = YES;
				CLANG_WARN_INFINITE_RECURSION = YES;
				CLANG_WARN_INT_CONVERSION = YES;
				CLANG_WARN_NON_LITERAL_NULL_CONVERSION = YES;
				CLANG_WARN_OBJC_IMPLICIT_RETAIN_SELF = YES;
				CLANG_WARN_OBJC_LITERAL_CONVERSION = YES;
				CLANG_WARN_OBJC_ROOT_CLASS = YES_ERROR;
				CLANG_WARN_QUOTED_INCLUDE_IN_FRAMEWORK_HEADER = YES;
				CLANG_WARN_RANGE_LOOP_ANALYSIS = YES;
				CLANG_WARN_STRICT_PROTOTYPES = YES;
				CLANG_WARN_SUSPICIOUS_MOVE = YES;
				CLANG_WARN_UNGUARDED_AVAILABILITY = YES_AGGRESSIVE;
				CLANG_WARN_UNREACHABLE_CODE = YES;
				CLANG_WARN__DUPLICATE_METHOD_MATCH = YES;
				COPY_PHASE_STRIP = NO;
				DEBUG_INFORMATION_FORMAT = "dwarf-with-dsym";
				ENABLE_NS_ASSERTIONS = NO;
				ENABLE_STRICT_OBJC_MSGSEND = YES;
				GCC_C_LANGUAGE_STANDARD = gnu11;
				GCC_NO_COMMON_BLOCKS = YES;
				GCC_WARN_64_TO_32_BIT_CONVERSION = YES;
				GCC_WARN_ABOUT_RETURN_TYPE = YES_ERROR;
				GCC_WARN_UNDECLARED_SELECTOR = YES;
				GCC_WARN_UNINITIALIZED_AUTOS = YES_AGGRESSIVE;
				GCC_WARN_UNUSED_FUNCTION = YES;
				GCC_WARN_UNUSED_VARIABLE = YES;
				IPHONEOS_DEPLOYMENT_TARGET = 15.0;
				MTL_ENABLE_DEBUG_INFO = NO;
				MTL_FAST_MATH = YES;
				SDKROOT = iphoneos;
				SWIFT_COMPILATION_MODE = wholemodule;
				SWIFT_OPTIMIZATION_LEVEL = "-O";
				VALIDATE_PRODUCT = YES;
			};
			name = Release;
		};
		12E811C6283089D400B0A615 /* Debug */ = {
			isa = XCBuildConfiguration;
			buildSettings = {
				ASSETCATALOG_COMPILER_APPICON_NAME = AppIcon;
				ASSETCATALOG_COMPILER_GLOBAL_ACCENT_COLOR_NAME = AccentColor;
				CODE_SIGN_ENTITLEMENTS = "TapTemperature/🧩Sub/TapTemperature.entitlements";
				CODE_SIGN_STYLE = Automatic;
				CURRENT_PROJECT_VERSION = 2;
				DEVELOPMENT_ASSET_PATHS = "\"TapTemperature/🧩Sub/Preview Content\"";
				DEVELOPMENT_TEAM = 6696GEY228;
				ENABLE_PREVIEWS = YES;
				GENERATE_INFOPLIST_FILE = YES;
				INFOPLIST_FILE = "TapTemperature/🧩Sub/Info.plist";
				INFOPLIST_KEY_NSHealthShareUsageDescription = "Please activate HeakthKit permission to record data.";
				INFOPLIST_KEY_NSHealthUpdateUsageDescription = "Please activate HeakthKit permission to record data.";
				INFOPLIST_KEY_UIApplicationSceneManifest_Generation = YES;
				INFOPLIST_KEY_UIApplicationSupportsIndirectInputEvents = YES;
				INFOPLIST_KEY_UILaunchStoryboardName = "Launch Screen.storyboard";
				INFOPLIST_KEY_UISupportedInterfaceOrientations_iPad = "UIInterfaceOrientationPortrait UIInterfaceOrientationPortraitUpsideDown UIInterfaceOrientationLandscapeLeft UIInterfaceOrientationLandscapeRight";
				INFOPLIST_KEY_UISupportedInterfaceOrientations_iPhone = UIInterfaceOrientationPortrait;
				IPHONEOS_DEPLOYMENT_TARGET = 15.0;
				LD_RUNPATH_SEARCH_PATHS = (
					"$(inherited)",
					"@executable_path/Frameworks",
				);
				MARKETING_VERSION = 1.0.3;
				PRODUCT_BUNDLE_IDENTIFIER = net.aaaakkkkssssttttnnnn.TapTemperature;
				PRODUCT_NAME = Temperature;
				SWIFT_EMIT_LOC_STRINGS = YES;
				SWIFT_VERSION = 5.0;
				TARGETED_DEVICE_FAMILY = 1;
			};
			name = Debug;
		};
		12E811C7283089D400B0A615 /* Release */ = {
			isa = XCBuildConfiguration;
			buildSettings = {
				ASSETCATALOG_COMPILER_APPICON_NAME = AppIcon;
				ASSETCATALOG_COMPILER_GLOBAL_ACCENT_COLOR_NAME = AccentColor;
				CODE_SIGN_ENTITLEMENTS = "TapTemperature/🧩Sub/TapTemperature.entitlements";
				CODE_SIGN_STYLE = Automatic;
				CURRENT_PROJECT_VERSION = 2;
				DEVELOPMENT_ASSET_PATHS = "\"TapTemperature/🧩Sub/Preview Content\"";
				DEVELOPMENT_TEAM = 6696GEY228;
				ENABLE_PREVIEWS = YES;
				GENERATE_INFOPLIST_FILE = YES;
				INFOPLIST_FILE = "TapTemperature/🧩Sub/Info.plist";
				INFOPLIST_KEY_NSHealthShareUsageDescription = "Please activate HeakthKit permission to record data.";
				INFOPLIST_KEY_NSHealthUpdateUsageDescription = "Please activate HeakthKit permission to record data.";
				INFOPLIST_KEY_UIApplicationSceneManifest_Generation = YES;
				INFOPLIST_KEY_UIApplicationSupportsIndirectInputEvents = YES;
				INFOPLIST_KEY_UILaunchStoryboardName = "Launch Screen.storyboard";
				INFOPLIST_KEY_UISupportedInterfaceOrientations_iPad = "UIInterfaceOrientationPortrait UIInterfaceOrientationPortraitUpsideDown UIInterfaceOrientationLandscapeLeft UIInterfaceOrientationLandscapeRight";
				INFOPLIST_KEY_UISupportedInterfaceOrientations_iPhone = UIInterfaceOrientationPortrait;
				IPHONEOS_DEPLOYMENT_TARGET = 15.0;
				LD_RUNPATH_SEARCH_PATHS = (
					"$(inherited)",
					"@executable_path/Frameworks",
				);
				MARKETING_VERSION = 1.0.3;
				PRODUCT_BUNDLE_IDENTIFIER = net.aaaakkkkssssttttnnnn.TapTemperature;
				PRODUCT_NAME = Temperature;
				SWIFT_EMIT_LOC_STRINGS = YES;
				SWIFT_VERSION = 5.0;
				TARGETED_DEVICE_FAMILY = 1;
			};
			name = Release;
		};
		F5D228BC29A9B1DF00F4F982 /* Debug */ = {
			isa = XCBuildConfiguration;
			buildSettings = {
				ALWAYS_EMBED_SWIFT_STANDARD_LIBRARIES = YES;
				ASSETCATALOG_COMPILER_APPICON_NAME = AppIcon;
				ASSETCATALOG_COMPILER_GLOBAL_ACCENT_COLOR_NAME = AccentColor;
				CLANG_CXX_LANGUAGE_STANDARD = "gnu++20";
				CODE_SIGN_ENTITLEMENTS = "TT Watch App/TT Watch App.entitlements";
				CODE_SIGN_STYLE = Automatic;
				CURRENT_PROJECT_VERSION = 2;
				DEVELOPMENT_ASSET_PATHS = "\"TT Watch App/Preview Content\"";
				DEVELOPMENT_TEAM = 6696GEY228;
				ENABLE_PREVIEWS = YES;
				GENERATE_INFOPLIST_FILE = YES;
				INFOPLIST_KEY_NSHealthShareUsageDescription = "Please activate HeakthKit permission to record data.";
				INFOPLIST_KEY_NSHealthUpdateUsageDescription = "Please activate HeakthKit permission to record data.";
				INFOPLIST_KEY_UISupportedInterfaceOrientations = "UIInterfaceOrientationPortrait UIInterfaceOrientationPortraitUpsideDown";
				INFOPLIST_KEY_WKCompanionAppBundleIdentifier = net.aaaakkkkssssttttnnnn.TapTemperature;
				LD_RUNPATH_SEARCH_PATHS = (
					"$(inherited)",
					"@executable_path/Frameworks",
				);
				MARKETING_VERSION = 1.0.3;
				PRODUCT_BUNDLE_IDENTIFIER = net.aaaakkkkssssttttnnnn.TapTemperature.watchkitapp;
				PRODUCT_NAME = TapTemperature;
				SDKROOT = watchos;
				SKIP_INSTALL = YES;
				SWIFT_EMIT_LOC_STRINGS = YES;
				SWIFT_VERSION = 5.0;
				TARGETED_DEVICE_FAMILY = 4;
				WATCHOS_DEPLOYMENT_TARGET = 9.1;
			};
			name = Debug;
		};
		F5D228BD29A9B1DF00F4F982 /* Release */ = {
			isa = XCBuildConfiguration;
			buildSettings = {
				ALWAYS_EMBED_SWIFT_STANDARD_LIBRARIES = YES;
				ASSETCATALOG_COMPILER_APPICON_NAME = AppIcon;
				ASSETCATALOG_COMPILER_GLOBAL_ACCENT_COLOR_NAME = AccentColor;
				CLANG_CXX_LANGUAGE_STANDARD = "gnu++20";
				CODE_SIGN_ENTITLEMENTS = "TT Watch App/TT Watch App.entitlements";
				CODE_SIGN_STYLE = Automatic;
				CURRENT_PROJECT_VERSION = 2;
				DEVELOPMENT_ASSET_PATHS = "\"TT Watch App/Preview Content\"";
				DEVELOPMENT_TEAM = 6696GEY228;
				ENABLE_PREVIEWS = YES;
				GENERATE_INFOPLIST_FILE = YES;
				INFOPLIST_KEY_NSHealthShareUsageDescription = "Please activate HeakthKit permission to record data.";
				INFOPLIST_KEY_NSHealthUpdateUsageDescription = "Please activate HeakthKit permission to record data.";
				INFOPLIST_KEY_UISupportedInterfaceOrientations = "UIInterfaceOrientationPortrait UIInterfaceOrientationPortraitUpsideDown";
				INFOPLIST_KEY_WKCompanionAppBundleIdentifier = net.aaaakkkkssssttttnnnn.TapTemperature;
				LD_RUNPATH_SEARCH_PATHS = (
					"$(inherited)",
					"@executable_path/Frameworks",
				);
				MARKETING_VERSION = 1.0.3;
				PRODUCT_BUNDLE_IDENTIFIER = net.aaaakkkkssssttttnnnn.TapTemperature.watchkitapp;
				PRODUCT_NAME = TapTemperature;
				SDKROOT = watchos;
				SKIP_INSTALL = YES;
				SWIFT_EMIT_LOC_STRINGS = YES;
				SWIFT_VERSION = 5.0;
				TARGETED_DEVICE_FAMILY = 4;
				WATCHOS_DEPLOYMENT_TARGET = 9.1;
			};
			name = Release;
		};
		F5FFCE7029AA3C760035E638 /* Debug */ = {
			isa = XCBuildConfiguration;
			buildSettings = {
				ASSETCATALOG_COMPILER_GLOBAL_ACCENT_COLOR_NAME = AccentColor;
				ASSETCATALOG_COMPILER_WIDGET_BACKGROUND_COLOR_NAME = WidgetBackground;
				CLANG_CXX_LANGUAGE_STANDARD = "gnu++20";
				CODE_SIGN_STYLE = Automatic;
				CURRENT_PROJECT_VERSION = 2;
				DEVELOPMENT_TEAM = 6696GEY228;
				GENERATE_INFOPLIST_FILE = YES;
				INFOPLIST_FILE = TTWidget/Info.plist;
				INFOPLIST_KEY_CFBundleDisplayName = TTWidget;
				INFOPLIST_KEY_NSHumanReadableCopyright = "";
				LD_RUNPATH_SEARCH_PATHS = (
					"$(inherited)",
					"@executable_path/Frameworks",
					"@executable_path/../../Frameworks",
					"@executable_path/../../../../Frameworks",
				);
				MARKETING_VERSION = 1.0.3;
				PRODUCT_BUNDLE_IDENTIFIER = net.aaaakkkkssssttttnnnn.TapTemperature.watchkitapp.TTWidget;
				PRODUCT_NAME = "$(TARGET_NAME)";
				SDKROOT = watchos;
				SKIP_INSTALL = YES;
				SWIFT_EMIT_LOC_STRINGS = YES;
				SWIFT_VERSION = 5.0;
				TARGETED_DEVICE_FAMILY = 4;
				WATCHOS_DEPLOYMENT_TARGET = 9.1;
			};
			name = Debug;
		};
		F5FFCE7129AA3C760035E638 /* Release */ = {
			isa = XCBuildConfiguration;
			buildSettings = {
				ASSETCATALOG_COMPILER_GLOBAL_ACCENT_COLOR_NAME = AccentColor;
				ASSETCATALOG_COMPILER_WIDGET_BACKGROUND_COLOR_NAME = WidgetBackground;
				CLANG_CXX_LANGUAGE_STANDARD = "gnu++20";
				CODE_SIGN_STYLE = Automatic;
				CURRENT_PROJECT_VERSION = 2;
				DEVELOPMENT_TEAM = 6696GEY228;
				GENERATE_INFOPLIST_FILE = YES;
				INFOPLIST_FILE = TTWidget/Info.plist;
				INFOPLIST_KEY_CFBundleDisplayName = TTWidget;
				INFOPLIST_KEY_NSHumanReadableCopyright = "";
				LD_RUNPATH_SEARCH_PATHS = (
					"$(inherited)",
					"@executable_path/Frameworks",
					"@executable_path/../../Frameworks",
					"@executable_path/../../../../Frameworks",
				);
				MARKETING_VERSION = 1.0.3;
				PRODUCT_BUNDLE_IDENTIFIER = net.aaaakkkkssssttttnnnn.TapTemperature.watchkitapp.TTWidget;
				PRODUCT_NAME = "$(TARGET_NAME)";
				SDKROOT = watchos;
				SKIP_INSTALL = YES;
				SWIFT_EMIT_LOC_STRINGS = YES;
				SWIFT_VERSION = 5.0;
				TARGETED_DEVICE_FAMILY = 4;
				WATCHOS_DEPLOYMENT_TARGET = 9.1;
			};
			name = Release;
		};
/* End XCBuildConfiguration section */

/* Begin XCConfigurationList section */
		12E811B2283089D300B0A615 /* Build configuration list for PBXProject "TapTemperature" */ = {
			isa = XCConfigurationList;
			buildConfigurations = (
				12E811C3283089D400B0A615 /* Debug */,
				12E811C4283089D400B0A615 /* Release */,
			);
			defaultConfigurationIsVisible = 0;
			defaultConfigurationName = Release;
		};
		12E811C5283089D400B0A615 /* Build configuration list for PBXNativeTarget "TapTemperature" */ = {
			isa = XCConfigurationList;
			buildConfigurations = (
				12E811C6283089D400B0A615 /* Debug */,
				12E811C7283089D400B0A615 /* Release */,
			);
			defaultConfigurationIsVisible = 0;
			defaultConfigurationName = Release;
		};
		F5D228BB29A9B1DF00F4F982 /* Build configuration list for PBXNativeTarget "TT Watch App" */ = {
			isa = XCConfigurationList;
			buildConfigurations = (
				F5D228BC29A9B1DF00F4F982 /* Debug */,
				F5D228BD29A9B1DF00F4F982 /* Release */,
			);
			defaultConfigurationIsVisible = 0;
			defaultConfigurationName = Release;
		};
		F5FFCE7229AA3C760035E638 /* Build configuration list for PBXNativeTarget "TTWidgetExtension" */ = {
			isa = XCConfigurationList;
			buildConfigurations = (
				F5FFCE7029AA3C760035E638 /* Debug */,
				F5FFCE7129AA3C760035E638 /* Release */,
			);
			defaultConfigurationIsVisible = 0;
			defaultConfigurationName = Release;
		};
/* End XCConfigurationList section */
	};
	rootObject = 12E811AF283089D300B0A615 /* Project object */;
}
